<?xml version="1.0" encoding="UTF-8" standalone="yes" ?>
<CodeBlocks_project_file>
	<FileVersion major="1" minor="6" />
	<Project>
		<Option title="multiwii-pc-cwrapper" />
		<Option pch_mode="2" />
		<Option compiler="gcc" />
		<Build>
			<Target title="Debug">
				<Option output="bin/Debug/multiwii-pc-cwrapper" prefix_auto="1" extension_auto="1" />
				<Option working_dir=".." />
				<Option object_output="obj/Debug/" />
				<Option type="1" />
				<Option compiler="gcc" />
				<Compiler>
					<Add option="-g" />
				</Compiler>
			</Target>
			<Target title="Release">
				<Option output="bin/Release/multiwii-pc-cwrapper" prefix_auto="1" extension_auto="1" />
				<Option working_dir=".." />
				<Option object_output="obj/Release/" />
				<Option type="1" />
				<Option compiler="gcc" />
				<Compiler>
					<Add option="-O2" />
				</Compiler>
				<Linker>
					<Add option="-s" />
				</Linker>
			</Target>
			<Target title="Debug (Win32)">
				<Option output="bin/Debug/multiwii-pc-cwrapper" prefix_auto="1" extension_auto="1" />
				<Option working_dir=".." />
				<Option object_output="obj/Debug/" />
				<Option type="1" />
				<Option compiler="gcc" />
				<Compiler>
					<Add option="-g" />
				</Compiler>
				<ExtraCommands>
					<Add before='cmd /c echo cmd /c &quot;cd .. &amp;&amp; dir pthread.bat &amp;&amp; pthread.bat&quot; echo this fails due to some windows problems...' />
					<Add before='cmd /c &quot;explorer ..\pthread.bat &amp; dir ..\tmp\pthread.h&quot;' />
					<Add before="cmd /c echo" />
					<Add before='cmd /c &quot;explorer ..\makeheaders.bat &amp; dir include\*.hpp&quot;' />
				</ExtraCommands>
			</Target>
		</Build>
		<Compiler>
			<Add option="-Wall" />
			<Add option="-I." />
			<Add option="-DMOCK" />
			<Add option="-DQUADX" />
			<Add option="-DPTHREADS" />
			<Add directory="./" />
			<Add directory="../multiwii-firmware" />
			<Add directory="../" />
			<Add directory="../tmp" />
			<Add directory="src" />
			<Add directory="include" />
		</Compiler>
		<Linker>
			<Add option="-lpthread" />
			<Add directory="./" />
			<Add directory="../" />
			<Add directory="../tmp" />
		</Linker>
		<Unit filename="../multiwii-firmware/Alarms.cpp" />
		<Unit filename="../multiwii-firmware/Alarms.h" />
		<Unit filename="../multiwii-firmware/CREDITS.txt" />
		<Unit filename="../multiwii-firmware/EEPROM.cpp" />
		<Unit filename="../multiwii-firmware/EEPROM.h" />
		<Unit filename="../multiwii-firmware/GPS.cpp" />
		<Unit filename="../multiwii-firmware/GPS.h" />
		<Unit filename="../multiwii-firmware/IMU.cpp" />
		<Unit filename="../multiwii-firmware/IMU.h" />
		<Unit filename="../multiwii-firmware/LCD.cpp" />
		<Unit filename="../multiwii-firmware/LCD.h" />
		<Unit filename="../multiwii-firmware/MultiWii.cpp" />
		<Unit filename="../multiwii-firmware/MultiWii.h" />
		<Unit filename="../multiwii-firmware/MultiWii.ino" />
		<Unit filename="../multiwii-firmware/Output.cpp" />
		<Unit filename="../multiwii-firmware/Output.h" />
		<Unit filename="../multiwii-firmware/Protocol.cpp" />
		<Unit filename="../multiwii-firmware/Protocol.h" />
		<Unit filename="../multiwii-firmware/RX.cpp" />
		<Unit filename="../multiwii-firmware/RX.h" />
		<Unit filename="../multiwii-firmware/Sensors.cpp" />
		<Unit filename="../multiwii-firmware/Sensors.h" />
		<Unit filename="../multiwii-firmware/Serial.cpp" />
		<Unit filename="../multiwii-firmware/Serial.h" />
		<Unit filename="../multiwii-firmware/config.h" />
		<Unit filename="../multiwii-firmware/def.h" />
		<Unit filename="../multiwii-firmware/types.h" />
		<Unit filename="Arduino.cpp" />
		<Unit filename="Arduino.h" />
		<Unit filename="avr/eeprom.cpp" />
		<Unit filename="main.cpp" />
		<Unit filename="main.h" />
		<Extensions>
			<code_completion />
			<debugger />
			<envvars />
		</Extensions>
	</Project>
</CodeBlocks_project_file>
